// !$*UTF8*$!
{
	archiveVersion = 1;
	classes = {
	};
	objectVersion = 55;
	objects = {

/* Begin PBXBuildFile section */
		011C5CE3285B2D73001D461E /* BlogApp.swift in Sources */ = {isa = PBXBuildFile; fileRef = 011C5CE2285B2D73001D461E /* BlogApp.swift */; };
		011C5CE7285B2D76001D461E /* Assets.xcassets in Resources */ = {isa = PBXBuildFile; fileRef = 011C5CE6285B2D76001D461E /* Assets.xcassets */; };
		011C5CEA285B2D76001D461E /* Preview Assets.xcassets in Resources */ = {isa = PBXBuildFile; fileRef = 011C5CE9285B2D76001D461E /* Preview Assets.xcassets */; };
		011C5CF1285B34BF001D461E /* Launch Screen.storyboard in Resources */ = {isa = PBXBuildFile; fileRef = 011C5CF0285B34BF001D461E /* Launch Screen.storyboard */; };
		0148DC70285C26A700AA92C3 /* BlogAPI.swift in Sources */ = {isa = PBXBuildFile; fileRef = 0148DC6F285C26A700AA92C3 /* BlogAPI.swift */; };
		0148DC76285C27B200AA92C3 /* BlogClassification.json in Resources */ = {isa = PBXBuildFile; fileRef = 0148DC75285C27B200AA92C3 /* BlogClassification.json */; };
		015E3D78285C812B008F52C1 /* MainPageCell.swift in Sources */ = {isa = PBXBuildFile; fileRef = 015E3D76285C812B008F52C1 /* MainPageCell.swift */; };
		015E3D7B285C81B9008F52C1 /* MainPage.swift in Sources */ = {isa = PBXBuildFile; fileRef = 015E3D7A285C81B9008F52C1 /* MainPage.swift */; };
		015E3D7F285C918D008F52C1 /* ClassificationList.swift in Sources */ = {isa = PBXBuildFile; fileRef = 015E3D7E285C918D008F52C1 /* ClassificationList.swift */; };
		015E3D81285C96C5008F52C1 /* BlogContentView.swift in Sources */ = {isa = PBXBuildFile; fileRef = 015E3D80285C96C5008F52C1 /* BlogContentView.swift */; };
		018C37FF286B2CEB001C45A9 /* BGUI in Frameworks */ = {isa = PBXBuildFile; productRef = 018C37FE286B2CEB001C45A9 /* BGUI */; };
		018C3801286B2CEE001C45A9 /* ReSwiftExtention in Frameworks */ = {isa = PBXBuildFile; productRef = 018C3800286B2CEE001C45A9 /* ReSwiftExtention */; };
		018C381B286EDC3D001C45A9 /* WidgetKit.framework in Frameworks */ = {isa = PBXBuildFile; fileRef = 018C381A286EDC3D001C45A9 /* WidgetKit.framework */; };
		018C381D286EDC3E001C45A9 /* SwiftUI.framework in Frameworks */ = {isa = PBXBuildFile; fileRef = 018C381C286EDC3E001C45A9 /* SwiftUI.framework */; };
		018C3820286EDC3E001C45A9 /* Widget.swift in Sources */ = {isa = PBXBuildFile; fileRef = 018C381F286EDC3E001C45A9 /* Widget.swift */; };
		018C3823286EDC40001C45A9 /* Assets.xcassets in Resources */ = {isa = PBXBuildFile; fileRef = 018C3822286EDC40001C45A9 /* Assets.xcassets */; };
		018C3825286EDC40001C45A9 /* Widget.intentdefinition in Sources */ = {isa = PBXBuildFile; fileRef = 018C3821286EDC3E001C45A9 /* Widget.intentdefinition */; };
		018C3826286EDC40001C45A9 /* Widget.intentdefinition in Sources */ = {isa = PBXBuildFile; fileRef = 018C3821286EDC3E001C45A9 /* Widget.intentdefinition */; };
		018C3829286EDC41001C45A9 /* WidgetExtension.appex in Embed App Extensions */ = {isa = PBXBuildFile; fileRef = 018C3819286EDC3D001C45A9 /* WidgetExtension.appex */; settings = {ATTRIBUTES = (RemoveHeadersOnCopy, ); }; };
		018C3830286EE8C3001C45A9 /* Widget1.swift in Sources */ = {isa = PBXBuildFile; fileRef = 018C382F286EE8C3001C45A9 /* Widget1.swift */; };
		01FE532428659E8000CE6931 /* Action.swift in Sources */ = {isa = PBXBuildFile; fileRef = 01FE532328659E8000CE6931 /* Action.swift */; };
		01FE532628659E8600CE6931 /* Store.swift in Sources */ = {isa = PBXBuildFile; fileRef = 01FE532528659E8600CE6931 /* Store.swift */; };
		01FE532828659E9800CE6931 /* Reducer.swift in Sources */ = {isa = PBXBuildFile; fileRef = 01FE532728659E9800CE6931 /* Reducer.swift */; };
		01FE532A2865A0CB00CE6931 /* State.swift in Sources */ = {isa = PBXBuildFile; fileRef = 01FE53292865A0CB00CE6931 /* State.swift */; };
		01FE5356286AA18E00CE6931 /* BGCoreDataManager.swift in Sources */ = {isa = PBXBuildFile; fileRef = 01FE5355286AA18E00CE6931 /* BGCoreDataManager.swift */; };
		01FE5358286AA2BE00CE6931 /* CloudKit.framework in Frameworks */ = {isa = PBXBuildFile; fileRef = 01FE5357286AA2BE00CE6931 /* CloudKit.framework */; };
		01FE5385286AF68A00CE6931 /* ClassificationModel.xcdatamodeld in Sources */ = {isa = PBXBuildFile; fileRef = 01FE5383286AF68A00CE6931 /* ClassificationModel.xcdatamodeld */; };
/* End PBXBuildFile section */

/* Begin PBXContainerItemProxy section */
		018C3827286EDC40001C45A9 /* PBXContainerItemProxy */ = {
			isa = PBXContainerItemProxy;
			containerPortal = 011C5CD7285B2D73001D461E /* Project object */;
			proxyType = 1;
			remoteGlobalIDString = 018C3818286EDC3D001C45A9;
			remoteInfo = WidgetExtension;
		};
/* End PBXContainerItemProxy section */

/* Begin PBXCopyFilesBuildPhase section */
		018C382B286EDC41001C45A9 /* Embed App Extensions */ = {
			isa = PBXCopyFilesBuildPhase;
			buildActionMask = 2147483647;
			dstPath = "";
			dstSubfolderSpec = 13;
			files = (
				018C3829286EDC41001C45A9 /* WidgetExtension.appex in Embed App Extensions */,
			);
			name = "Embed App Extensions";
			runOnlyForDeploymentPostprocessing = 0;
		};
/* End PBXCopyFilesBuildPhase section */

/* Begin PBXFileReference section */
		011C5CDF285B2D73001D461E /* Blog.app */ = {isa = PBXFileReference; explicitFileType = wrapper.application; includeInIndex = 0; path = Blog.app; sourceTree = BUILT_PRODUCTS_DIR; };
		011C5CE2285B2D73001D461E /* BlogApp.swift */ = {isa = PBXFileReference; lastKnownFileType = sourcecode.swift; path = BlogApp.swift; sourceTree = "<group>"; };
		011C5CE6285B2D76001D461E /* Assets.xcassets */ = {isa = PBXFileReference; lastKnownFileType = folder.assetcatalog; path = Assets.xcassets; sourceTree = "<group>"; };
		011C5CE9285B2D76001D461E /* Preview Assets.xcassets */ = {isa = PBXFileReference; lastKnownFileType = folder.assetcatalog; path = "Preview Assets.xcassets"; sourceTree = "<group>"; };
		011C5CF0285B34BF001D461E /* Launch Screen.storyboard */ = {isa = PBXFileReference; lastKnownFileType = file.storyboard; path = "Launch Screen.storyboard"; sourceTree = "<group>"; };
		0148DC6F285C26A700AA92C3 /* BlogAPI.swift */ = {isa = PBXFileReference; lastKnownFileType = sourcecode.swift; path = BlogAPI.swift; sourceTree = "<group>"; };
		0148DC75285C27B200AA92C3 /* BlogClassification.json */ = {isa = PBXFileReference; fileEncoding = 4; lastKnownFileType = text.json; path = BlogClassification.json; sourceTree = "<group>"; };
		015E3D76285C812B008F52C1 /* MainPageCell.swift */ = {isa = PBXFileReference; fileEncoding = 4; lastKnownFileType = sourcecode.swift; path = MainPageCell.swift; sourceTree = "<group>"; };
		015E3D7A285C81B9008F52C1 /* MainPage.swift */ = {isa = PBXFileReference; fileEncoding = 4; lastKnownFileType = sourcecode.swift; path = MainPage.swift; sourceTree = "<group>"; };
		015E3D7E285C918D008F52C1 /* ClassificationList.swift */ = {isa = PBXFileReference; lastKnownFileType = sourcecode.swift; path = ClassificationList.swift; sourceTree = "<group>"; };
		015E3D80285C96C5008F52C1 /* BlogContentView.swift */ = {isa = PBXFileReference; lastKnownFileType = sourcecode.swift; path = BlogContentView.swift; sourceTree = "<group>"; };
		015E3D82285CA147008F52C1 /* Info.plist */ = {isa = PBXFileReference; lastKnownFileType = text.plist; path = Info.plist; sourceTree = "<group>"; };
		018C3819286EDC3D001C45A9 /* WidgetExtension.appex */ = {isa = PBXFileReference; explicitFileType = "wrapper.app-extension"; includeInIndex = 0; path = WidgetExtension.appex; sourceTree = BUILT_PRODUCTS_DIR; };
		018C381A286EDC3D001C45A9 /* WidgetKit.framework */ = {isa = PBXFileReference; lastKnownFileType = wrapper.framework; name = WidgetKit.framework; path = System/Library/Frameworks/WidgetKit.framework; sourceTree = SDKROOT; };
		018C381C286EDC3E001C45A9 /* SwiftUI.framework */ = {isa = PBXFileReference; lastKnownFileType = wrapper.framework; name = SwiftUI.framework; path = System/Library/Frameworks/SwiftUI.framework; sourceTree = SDKROOT; };
		018C381F286EDC3E001C45A9 /* Widget.swift */ = {isa = PBXFileReference; lastKnownFileType = sourcecode.swift; path = Widget.swift; sourceTree = "<group>"; };
		018C3821286EDC3E001C45A9 /* Widget.intentdefinition */ = {isa = PBXFileReference; lastKnownFileType = file.intentdefinition; path = Widget.intentdefinition; sourceTree = "<group>"; };
		018C3822286EDC40001C45A9 /* Assets.xcassets */ = {isa = PBXFileReference; lastKnownFileType = folder.assetcatalog; path = Assets.xcassets; sourceTree = "<group>"; };
		018C3824286EDC40001C45A9 /* Info.plist */ = {isa = PBXFileReference; lastKnownFileType = text.plist.xml; path = Info.plist; sourceTree = "<group>"; };
		018C382A286EDC41001C45A9 /* WidgetExtension.entitlements */ = {isa = PBXFileReference; lastKnownFileType = text.plist.entitlements; path = WidgetExtension.entitlements; sourceTree = "<group>"; };
		018C382F286EE8C3001C45A9 /* Widget1.swift */ = {isa = PBXFileReference; lastKnownFileType = sourcecode.swift; path = Widget1.swift; sourceTree = "<group>"; };
		01FE532328659E8000CE6931 /* Action.swift */ = {isa = PBXFileReference; lastKnownFileType = sourcecode.swift; path = Action.swift; sourceTree = "<group>"; };
		01FE532528659E8600CE6931 /* Store.swift */ = {isa = PBXFileReference; lastKnownFileType = sourcecode.swift; path = Store.swift; sourceTree = "<group>"; };
		01FE532728659E9800CE6931 /* Reducer.swift */ = {isa = PBXFileReference; lastKnownFileType = sourcecode.swift; path = Reducer.swift; sourceTree = "<group>"; };
		01FE53292865A0CB00CE6931 /* State.swift */ = {isa = PBXFileReference; lastKnownFileType = sourcecode.swift; path = State.swift; sourceTree = "<group>"; };
		01FE532B2865DA2100CE6931 /* Blog.entitlements */ = {isa = PBXFileReference; lastKnownFileType = text.plist.entitlements; path = Blog.entitlements; sourceTree = "<group>"; };
		01FE53442869990700CE6931 /* BGUI */ = {isa = PBXFileReference; lastKnownFileType = wrapper; name = BGUI; path = Blog/Module/BGUI; sourceTree = "<group>"; };
		01FE5355286AA18E00CE6931 /* BGCoreDataManager.swift */ = {isa = PBXFileReference; lastKnownFileType = sourcecode.swift; path = BGCoreDataManager.swift; sourceTree = "<group>"; };
		01FE5357286AA2BE00CE6931 /* CloudKit.framework */ = {isa = PBXFileReference; lastKnownFileType = wrapper.framework; name = CloudKit.framework; path = System/Library/Frameworks/CloudKit.framework; sourceTree = SDKROOT; };
		01FE5384286AF68A00CE6931 /* Classification.xcdatamodel */ = {isa = PBXFileReference; lastKnownFileType = wrapper.xcdatamodel; path = Classification.xcdatamodel; sourceTree = "<group>"; };
		01FE5386286B2A4100CE6931 /* ReSwiftExtention */ = {isa = PBXFileReference; lastKnownFileType = wrapper; name = ReSwiftExtention; path = Blog/Module/ReSwiftExtention; sourceTree = "<group>"; };
/* End PBXFileReference section */

/* Begin PBXFrameworksBuildPhase section */
		011C5CDC285B2D73001D461E /* Frameworks */ = {
			isa = PBXFrameworksBuildPhase;
			buildActionMask = 2147483647;
			files = (
				018C3801286B2CEE001C45A9 /* ReSwiftExtention in Frameworks */,
				01FE5358286AA2BE00CE6931 /* CloudKit.framework in Frameworks */,
				018C37FF286B2CEB001C45A9 /* BGUI in Frameworks */,
			);
			runOnlyForDeploymentPostprocessing = 0;
		};
		018C3816286EDC3D001C45A9 /* Frameworks */ = {
			isa = PBXFrameworksBuildPhase;
			buildActionMask = 2147483647;
			files = (
				018C381D286EDC3E001C45A9 /* SwiftUI.framework in Frameworks */,
				018C381B286EDC3D001C45A9 /* WidgetKit.framework in Frameworks */,
			);
			runOnlyForDeploymentPostprocessing = 0;
		};
/* End PBXFrameworksBuildPhase section */

/* Begin PBXGroup section */
		011C5CD6285B2D73001D461E = {
			isa = PBXGroup;
			children = (
				018C382A286EDC41001C45A9 /* WidgetExtension.entitlements */,
				01FE533D2869969E00CE6931 /* Packages */,
				011C5CE1285B2D73001D461E /* Blog */,
				018C381E286EDC3E001C45A9 /* Widget */,
				011C5CE0285B2D73001D461E /* Products */,
				01FE53392869960300CE6931 /* Frameworks */,
			);
			sourceTree = "<group>";
		};
		011C5CE0285B2D73001D461E /* Products */ = {
			isa = PBXGroup;
			children = (
				011C5CDF285B2D73001D461E /* Blog.app */,
				018C3819286EDC3D001C45A9 /* WidgetExtension.appex */,
			);
			name = Products;
			sourceTree = "<group>";
		};
		011C5CE1285B2D73001D461E /* Blog */ = {
			isa = PBXGroup;
			children = (
				01FE532B2865DA2100CE6931 /* Blog.entitlements */,
				015E3D82285CA147008F52C1 /* Info.plist */,
				011C5CE2285B2D73001D461E /* BlogApp.swift */,
				015E3D75285C812B008F52C1 /* MainPage */,
				0148DC74285C278D00AA92C3 /* Source */,
				011C5CF0285B34BF001D461E /* Launch Screen.storyboard */,
				011C5CE6285B2D76001D461E /* Assets.xcassets */,
				011C5CE8285B2D76001D461E /* Preview Content */,
			);
			path = Blog;
			sourceTree = "<group>";
		};
		011C5CE8285B2D76001D461E /* Preview Content */ = {
			isa = PBXGroup;
			children = (
				011C5CE9285B2D76001D461E /* Preview Assets.xcassets */,
			);
			path = "Preview Content";
			sourceTree = "<group>";
		};
		0148DC74285C278D00AA92C3 /* Source */ = {
			isa = PBXGroup;
			children = (
				0148DC75285C27B200AA92C3 /* BlogClassification.json */,
				0148DC6F285C26A700AA92C3 /* BlogAPI.swift */,
				01FE5355286AA18E00CE6931 /* BGCoreDataManager.swift */,
				01FE5383286AF68A00CE6931 /* ClassificationModel.xcdatamodeld */,
			);
			path = Source;
			sourceTree = "<group>";
		};
		015E3D75285C812B008F52C1 /* MainPage */ = {
			isa = PBXGroup;
			children = (
				01FE53222865986600CE6931 /* Redux */,
				015E3D7A285C81B9008F52C1 /* MainPage.swift */,
				015E3D76285C812B008F52C1 /* MainPageCell.swift */,
				015E3D7E285C918D008F52C1 /* ClassificationList.swift */,
				015E3D80285C96C5008F52C1 /* BlogContentView.swift */,
			);
			path = MainPage;
			sourceTree = "<group>";
		};
		018C381E286EDC3E001C45A9 /* Widget */ = {
			isa = PBXGroup;
			children = (
				018C381F286EDC3E001C45A9 /* Widget.swift */,
				018C3821286EDC3E001C45A9 /* Widget.intentdefinition */,
				018C382F286EE8C3001C45A9 /* Widget1.swift */,
				018C3822286EDC40001C45A9 /* Assets.xcassets */,
				018C3824286EDC40001C45A9 /* Info.plist */,
			);
			path = Widget;
			sourceTree = "<group>";
		};
		01FE53222865986600CE6931 /* Redux */ = {
			isa = PBXGroup;
			children = (
				01FE532328659E8000CE6931 /* Action.swift */,
				01FE532528659E8600CE6931 /* Store.swift */,
				01FE532728659E9800CE6931 /* Reducer.swift */,
				01FE53292865A0CB00CE6931 /* State.swift */,
			);
			path = Redux;
			sourceTree = "<group>";
		};
		01FE53392869960300CE6931 /* Frameworks */ = {
			isa = PBXGroup;
			children = (
				01FE5357286AA2BE00CE6931 /* CloudKit.framework */,
				018C381A286EDC3D001C45A9 /* WidgetKit.framework */,
				018C381C286EDC3E001C45A9 /* SwiftUI.framework */,
			);
			name = Frameworks;
			sourceTree = "<group>";
		};
		01FE533D2869969E00CE6931 /* Packages */ = {
			isa = PBXGroup;
			children = (
				01FE5386286B2A4100CE6931 /* ReSwiftExtention */,
				01FE53442869990700CE6931 /* BGUI */,
			);
			name = Packages;
			sourceTree = "<group>";
		};
/* End PBXGroup section */

/* Begin PBXNativeTarget section */
		011C5CDE285B2D73001D461E /* Blog */ = {
			isa = PBXNativeTarget;
			buildConfigurationList = 011C5CED285B2D76001D461E /* Build configuration list for PBXNativeTarget "Blog" */;
			buildPhases = (
				011C5CDB285B2D73001D461E /* Sources */,
				011C5CDC285B2D73001D461E /* Frameworks */,
				011C5CDD285B2D73001D461E /* Resources */,
				018C382B286EDC41001C45A9 /* Embed App Extensions */,
			);
			buildRules = (
			);
			dependencies = (
				018C3828286EDC40001C45A9 /* PBXTargetDependency */,
			);
			name = Blog;
			packageProductDependencies = (
				018C37FE286B2CEB001C45A9 /* BGUI */,
				018C3800286B2CEE001C45A9 /* ReSwiftExtention */,
			);
			productName = Blog;
			productReference = 011C5CDF285B2D73001D461E /* Blog.app */;
			productType = "com.apple.product-type.application";
		};
		018C3818286EDC3D001C45A9 /* WidgetExtension */ = {
			isa = PBXNativeTarget;
			buildConfigurationList = 018C382E286EDC42001C45A9 /* Build configuration list for PBXNativeTarget "WidgetExtension" */;
			buildPhases = (
				018C3815286EDC3D001C45A9 /* Sources */,
				018C3816286EDC3D001C45A9 /* Frameworks */,
				018C3817286EDC3D001C45A9 /* Resources */,
			);
			buildRules = (
			);
			dependencies = (
			);
			name = WidgetExtension;
			productName = WidgetExtension;
			productReference = 018C3819286EDC3D001C45A9 /* WidgetExtension.appex */;
			productType = "com.apple.product-type.app-extension";
		};
/* End PBXNativeTarget section */

/* Begin PBXProject section */
		011C5CD7285B2D73001D461E /* Project object */ = {
			isa = PBXProject;
			attributes = {
				BuildIndependentTargetsInParallel = 1;
				CLASSPREFIX = BG;
				LastSwiftUpdateCheck = 1340;
				LastUpgradeCheck = 1340;
				TargetAttributes = {
					011C5CDE285B2D73001D461E = {
						CreatedOnToolsVersion = 13.4.1;
					};
					018C3818286EDC3D001C45A9 = {
						CreatedOnToolsVersion = 13.4.1;
					};
				};
			};
			buildConfigurationList = 011C5CDA285B2D73001D461E /* Build configuration list for PBXProject "Blog" */;
			compatibilityVersion = "Xcode 13.0";
			developmentRegion = en;
			hasScannedForEncodings = 0;
			knownRegions = (
				en,
				Base,
			);
			mainGroup = 011C5CD6285B2D73001D461E;
			packageReferences = (
			);
			productRefGroup = 011C5CE0285B2D73001D461E /* Products */;
			projectDirPath = "";
			projectRoot = "";
			targets = (
				011C5CDE285B2D73001D461E /* Blog */,
				018C3818286EDC3D001C45A9 /* WidgetExtension */,
			);
		};
/* End PBXProject section */

/* Begin PBXResourcesBuildPhase section */
		011C5CDD285B2D73001D461E /* Resources */ = {
			isa = PBXResourcesBuildPhase;
			buildActionMask = 2147483647;
			files = (
				011C5CF1285B34BF001D461E /* Launch Screen.storyboard in Resources */,
				011C5CEA285B2D76001D461E /* Preview Assets.xcassets in Resources */,
				011C5CE7285B2D76001D461E /* Assets.xcassets in Resources */,
				0148DC76285C27B200AA92C3 /* BlogClassification.json in Resources */,
			);
			runOnlyForDeploymentPostprocessing = 0;
		};
		018C3817286EDC3D001C45A9 /* Resources */ = {
			isa = PBXResourcesBuildPhase;
			buildActionMask = 2147483647;
			files = (
				018C3823286EDC40001C45A9 /* Assets.xcassets in Resources */,
			);
			runOnlyForDeploymentPostprocessing = 0;
		};
/* End PBXResourcesBuildPhase section */

/* Begin PBXSourcesBuildPhase section */
		011C5CDB285B2D73001D461E /* Sources */ = {
			isa = PBXSourcesBuildPhase;
			buildActionMask = 2147483647;
			files = (
				015E3D7F285C918D008F52C1 /* ClassificationList.swift in Sources */,
				018C3826286EDC40001C45A9 /* Widget.intentdefinition in Sources */,
				015E3D7B285C81B9008F52C1 /* MainPage.swift in Sources */,
				015E3D81285C96C5008F52C1 /* BlogContentView.swift in Sources */,
				01FE532A2865A0CB00CE6931 /* State.swift in Sources */,
				01FE532628659E8600CE6931 /* Store.swift in Sources */,
				01FE5356286AA18E00CE6931 /* BGCoreDataManager.swift in Sources */,
				01FE5385286AF68A00CE6931 /* ClassificationModel.xcdatamodeld in Sources */,
				0148DC70285C26A700AA92C3 /* BlogAPI.swift in Sources */,
				01FE532828659E9800CE6931 /* Reducer.swift in Sources */,
				01FE532428659E8000CE6931 /* Action.swift in Sources */,
				015E3D78285C812B008F52C1 /* MainPageCell.swift in Sources */,
				011C5CE3285B2D73001D461E /* BlogApp.swift in Sources */,
			);
			runOnlyForDeploymentPostprocessing = 0;
		};
		018C3815286EDC3D001C45A9 /* Sources */ = {
			isa = PBXSourcesBuildPhase;
			buildActionMask = 2147483647;
			files = (
				018C3830286EE8C3001C45A9 /* Widget1.swift in Sources */,
				018C3825286EDC40001C45A9 /* Widget.intentdefinition in Sources */,
				018C3820286EDC3E001C45A9 /* Widget.swift in Sources */,
			);
			runOnlyForDeploymentPostprocessing = 0;
		};
/* End PBXSourcesBuildPhase section */

/* Begin PBXTargetDependency section */
		018C3828286EDC40001C45A9 /* PBXTargetDependency */ = {
			isa = PBXTargetDependency;
			target = 018C3818286EDC3D001C45A9 /* WidgetExtension */;
			targetProxy = 018C3827286EDC40001C45A9 /* PBXContainerItemProxy */;
		};
/* End PBXTargetDependency section */

/* Begin XCBuildConfiguration section */
		011C5CEB285B2D76001D461E /* Debug */ = {
			isa = XCBuildConfiguration;
			buildSettings = {
				ALWAYS_SEARCH_USER_PATHS = NO;
				CLANG_ANALYZER_NONNULL = YES;
				CLANG_ANALYZER_NUMBER_OBJECT_CONVERSION = YES_AGGRESSIVE;
				CLANG_CXX_LANGUAGE_STANDARD = "gnu++17";
				CLANG_ENABLE_MODULES = YES;
				CLANG_ENABLE_OBJC_ARC = YES;
				CLANG_ENABLE_OBJC_WEAK = YES;
				CLANG_WARN_BLOCK_CAPTURE_AUTORELEASING = YES;
				CLANG_WARN_BOOL_CONVERSION = YES;
				CLANG_WARN_COMMA = YES;
				CLANG_WARN_CONSTANT_CONVERSION = YES;
				CLANG_WARN_DEPRECATED_OBJC_IMPLEMENTATIONS = YES;
				CLANG_WARN_DIRECT_OBJC_ISA_USAGE = YES_ERROR;
				CLANG_WARN_DOCUMENTATION_COMMENTS = YES;
				CLANG_WARN_EMPTY_BODY = YES;
				CLANG_WARN_ENUM_CONVERSION = YES;
				CLANG_WARN_INFINITE_RECURSION = YES;
				CLANG_WARN_INT_CONVERSION = YES;
				CLANG_WARN_NON_LITERAL_NULL_CONVERSION = YES;
				CLANG_WARN_OBJC_IMPLICIT_RETAIN_SELF = YES;
				CLANG_WARN_OBJC_LITERAL_CONVERSION = YES;
				CLANG_WARN_OBJC_ROOT_CLASS = YES_ERROR;
				CLANG_WARN_QUOTED_INCLUDE_IN_FRAMEWORK_HEADER = YES;
				CLANG_WARN_RANGE_LOOP_ANALYSIS = YES;
				CLANG_WARN_STRICT_PROTOTYPES = YES;
				CLANG_WARN_SUSPICIOUS_MOVE = YES;
				CLANG_WARN_UNGUARDED_AVAILABILITY = YES_AGGRESSIVE;
				CLANG_WARN_UNREACHABLE_CODE = YES;
				CLANG_WARN__DUPLICATE_METHOD_MATCH = YES;
				COPY_PHASE_STRIP = NO;
				DEBUG_INFORMATION_FORMAT = dwarf;
				ENABLE_STRICT_OBJC_MSGSEND = YES;
				ENABLE_TESTABILITY = YES;
				GCC_C_LANGUAGE_STANDARD = gnu11;
				GCC_DYNAMIC_NO_PIC = NO;
				GCC_NO_COMMON_BLOCKS = YES;
				GCC_OPTIMIZATION_LEVEL = 0;
				GCC_PREPROCESSOR_DEFINITIONS = (
					"DEBUG=1",
					"$(inherited)",
				);
				GCC_WARN_64_TO_32_BIT_CONVERSION = YES;
				GCC_WARN_ABOUT_RETURN_TYPE = YES_ERROR;
				GCC_WARN_UNDECLARED_SELECTOR = YES;
				GCC_WARN_UNINITIALIZED_AUTOS = YES_AGGRESSIVE;
				GCC_WARN_UNUSED_FUNCTION = YES;
				GCC_WARN_UNUSED_VARIABLE = YES;
				IPHONEOS_DEPLOYMENT_TARGET = 14.0;
				MTL_ENABLE_DEBUG_INFO = INCLUDE_SOURCE;
				MTL_FAST_MATH = YES;
				ONLY_ACTIVE_ARCH = YES;
				SDKROOT = iphoneos;
				SWIFT_ACTIVE_COMPILATION_CONDITIONS = DEBUG;
				SWIFT_OPTIMIZATION_LEVEL = "-Onone";
			};
			name = Debug;
		};
		011C5CEC285B2D76001D461E /* Release */ = {
			isa = XCBuildConfiguration;
			buildSettings = {
				ALWAYS_SEARCH_USER_PATHS = NO;
				CLANG_ANALYZER_NONNULL = YES;
				CLANG_ANALYZER_NUMBER_OBJECT_CONVERSION = YES_AGGRESSIVE;
				CLANG_CXX_LANGUAGE_STANDARD = "gnu++17";
				CLANG_ENABLE_MODULES = YES;
				CLANG_ENABLE_OBJC_ARC = YES;
				CLANG_ENABLE_OBJC_WEAK = YES;
				CLANG_WARN_BLOCK_CAPTURE_AUTORELEASING = YES;
				CLANG_WARN_BOOL_CONVERSION = YES;
				CLANG_WARN_COMMA = YES;
				CLANG_WARN_CONSTANT_CONVERSION = YES;
				CLANG_WARN_DEPRECATED_OBJC_IMPLEMENTATIONS = YES;
				CLANG_WARN_DIRECT_OBJC_ISA_USAGE = YES_ERROR;
				CLANG_WARN_DOCUMENTATION_COMMENTS = YES;
				CLANG_WARN_EMPTY_BODY = YES;
				CLANG_WARN_ENUM_CONVERSION = YES;
				CLANG_WARN_INFINITE_RECURSION = YES;
				CLANG_WARN_INT_CONVERSION = YES;
				CLANG_WARN_NON_LITERAL_NULL_CONVERSION = YES;
				CLANG_WARN_OBJC_IMPLICIT_RETAIN_SELF = YES;
				CLANG_WARN_OBJC_LITERAL_CONVERSION = YES;
				CLANG_WARN_OBJC_ROOT_CLASS = YES_ERROR;
				CLANG_WARN_QUOTED_INCLUDE_IN_FRAMEWORK_HEADER = YES;
				CLANG_WARN_RANGE_LOOP_ANALYSIS = YES;
				CLANG_WARN_STRICT_PROTOTYPES = YES;
				CLANG_WARN_SUSPICIOUS_MOVE = YES;
				CLANG_WARN_UNGUARDED_AVAILABILITY = YES_AGGRESSIVE;
				CLANG_WARN_UNREACHABLE_CODE = YES;
				CLANG_WARN__DUPLICATE_METHOD_MATCH = YES;
				COPY_PHASE_STRIP = NO;
				DEBUG_INFORMATION_FORMAT = "dwarf-with-dsym";
				ENABLE_NS_ASSERTIONS = NO;
				ENABLE_STRICT_OBJC_MSGSEND = YES;
				GCC_C_LANGUAGE_STANDARD = gnu11;
				GCC_NO_COMMON_BLOCKS = YES;
				GCC_WARN_64_TO_32_BIT_CONVERSION = YES;
				GCC_WARN_ABOUT_RETURN_TYPE = YES_ERROR;
				GCC_WARN_UNDECLARED_SELECTOR = YES;
				GCC_WARN_UNINITIALIZED_AUTOS = YES_AGGRESSIVE;
				GCC_WARN_UNUSED_FUNCTION = YES;
				GCC_WARN_UNUSED_VARIABLE = YES;
				IPHONEOS_DEPLOYMENT_TARGET = 14.0;
				MTL_ENABLE_DEBUG_INFO = NO;
				MTL_FAST_MATH = YES;
				SDKROOT = iphoneos;
				SWIFT_COMPILATION_MODE = wholemodule;
				SWIFT_OPTIMIZATION_LEVEL = "-O";
				VALIDATE_PRODUCT = YES;
			};
			name = Release;
		};
		011C5CEE285B2D76001D461E /* Debug */ = {
			isa = XCBuildConfiguration;
			buildSettings = {
				ALWAYS_EMBED_SWIFT_STANDARD_LIBRARIES = YES;
				ASSETCATALOG_COMPILER_APPICON_NAME = AppIcon;
				ASSETCATALOG_COMPILER_GLOBAL_ACCENT_COLOR_NAME = AccentColor;
				CODE_SIGN_ENTITLEMENTS = Blog/Blog.entitlements;
				CODE_SIGN_IDENTITY = "Apple Development";
				"CODE_SIGN_IDENTITY[sdk=macosx*]" = "Apple Development";
				CODE_SIGN_STYLE = Automatic;
				CURRENT_PROJECT_VERSION = 1;
				DEVELOPMENT_ASSET_PATHS = "\"Blog/Preview Content\"";
				DEVELOPMENT_TEAM = 5P2LF2A45E;
				"ENABLE_HARDENED_RUNTIME[sdk=macosx*]" = NO;
				ENABLE_PREVIEWS = YES;
				GENERATE_INFOPLIST_FILE = YES;
				INFOPLIST_FILE = Blog/Info.plist;
				INFOPLIST_KEY_CFBundleDisplayName = "书签";
				INFOPLIST_KEY_LSApplicationCategoryType = "public.app-category.books";
				INFOPLIST_KEY_UIApplicationSceneManifest_Generation = YES;
				INFOPLIST_KEY_UIApplicationSupportsIndirectInputEvents = YES;
				INFOPLIST_KEY_UILaunchScreen_Generation = YES;
				INFOPLIST_KEY_UILaunchStoryboardName = "Launch Screen";
				INFOPLIST_KEY_UISupportedInterfaceOrientations = "UIInterfaceOrientationPortrait UIInterfaceOrientationLandscapeLeft UIInterfaceOrientationLandscapeRight";
				INFOPLIST_KEY_UISupportedInterfaceOrientations_iPad = "UIInterfaceOrientationPortrait UIInterfaceOrientationPortraitUpsideDown UIInterfaceOrientationLandscapeLeft UIInterfaceOrientationLandscapeRight";
				INFOPLIST_KEY_UISupportedInterfaceOrientations_iPhone = "UIInterfaceOrientationPortrait UIInterfaceOrientationLandscapeLeft UIInterfaceOrientationLandscapeRight";
				IPHONEOS_DEPLOYMENT_TARGET = 14.0;
				"IPHONEOS_DEPLOYMENT_TARGET[sdk=macosx*]" = 14.2;
				LD_RUNPATH_SEARCH_PATHS = (
					"$(inherited)",
					"@executable_path/Frameworks",
				);
				MARKETING_VERSION = 1.0;
				PRODUCT_BUNDLE_IDENTIFIER = com.lifexg.blog;
				PRODUCT_NAME = "$(TARGET_NAME)";
				PROVISIONING_PROFILE_SPECIFIER = "";
				"PROVISIONING_PROFILE_SPECIFIER[sdk=macosx*]" = "";
				SUPPORTS_MACCATALYST = YES;
				SWIFT_EMIT_LOC_STRINGS = YES;
				SWIFT_VERSION = 5.0;
				TARGETED_DEVICE_FAMILY = "1,2,6";
			};
			name = Debug;
		};
		011C5CEF285B2D76001D461E /* Release */ = {
			isa = XCBuildConfiguration;
			buildSettings = {
				ALWAYS_EMBED_SWIFT_STANDARD_LIBRARIES = YES;
				ASSETCATALOG_COMPILER_APPICON_NAME = AppIcon;
				ASSETCATALOG_COMPILER_GLOBAL_ACCENT_COLOR_NAME = AccentColor;
				CODE_SIGN_ENTITLEMENTS = Blog/Blog.entitlements;
				CODE_SIGN_IDENTITY = "iPhone Distribution";
				"CODE_SIGN_IDENTITY[sdk=macosx*]" = "Apple Distribution";
				CODE_SIGN_STYLE = Manual;
				CURRENT_PROJECT_VERSION = 1;
				DEVELOPMENT_ASSET_PATHS = "\"Blog/Preview Content\"";
				DEVELOPMENT_TEAM = 5P2LF2A45E;
				"ENABLE_HARDENED_RUNTIME[sdk=macosx*]" = NO;
				ENABLE_PREVIEWS = YES;
				GENERATE_INFOPLIST_FILE = YES;
				INFOPLIST_FILE = Blog/Info.plist;
				INFOPLIST_KEY_CFBundleDisplayName = "书签";
				INFOPLIST_KEY_LSApplicationCategoryType = "public.app-category.books";
				INFOPLIST_KEY_UIApplicationSceneManifest_Generation = YES;
				INFOPLIST_KEY_UIApplicationSupportsIndirectInputEvents = YES;
				INFOPLIST_KEY_UILaunchScreen_Generation = YES;
				INFOPLIST_KEY_UILaunchStoryboardName = "Launch Screen";
				INFOPLIST_KEY_UISupportedInterfaceOrientations = "UIInterfaceOrientationPortrait UIInterfaceOrientationLandscapeLeft UIInterfaceOrientationLandscapeRight";
				INFOPLIST_KEY_UISupportedInterfaceOrientations_iPad = "UIInterfaceOrientationPortrait UIInterfaceOrientationPortraitUpsideDown UIInterfaceOrientationLandscapeLeft UIInterfaceOrientationLandscapeRight";
				INFOPLIST_KEY_UISupportedInterfaceOrientations_iPhone = "UIInterfaceOrientationPortrait UIInterfaceOrientationLandscapeLeft UIInterfaceOrientationLandscapeRight";
				IPHONEOS_DEPLOYMENT_TARGET = 14.0;
				"IPHONEOS_DEPLOYMENT_TARGET[sdk=macosx*]" = 14.2;
				LD_RUNPATH_SEARCH_PATHS = (
					"$(inherited)",
					"@executable_path/Frameworks",
				);
				MARKETING_VERSION = 1.0;
				PRODUCT_BUNDLE_IDENTIFIER = com.lifexg.blog;
				PRODUCT_NAME = "$(TARGET_NAME)";
				PROVISIONING_PROFILE_SPECIFIER = appdis;
				"PROVISIONING_PROFILE_SPECIFIER[sdk=macosx*]" = macdis;
				SUPPORTS_MACCATALYST = YES;
				SWIFT_EMIT_LOC_STRINGS = YES;
				SWIFT_VERSION = 5.0;
				TARGETED_DEVICE_FAMILY = "1,2,6";
			};
			name = Release;
		};
		018C382C286EDC41001C45A9 /* Debug */ = {
			isa = XCBuildConfiguration;
			buildSettings = {
				ASSETCATALOG_COMPILER_GLOBAL_ACCENT_COLOR_NAME = AccentColor;
				ASSETCATALOG_COMPILER_WIDGET_BACKGROUND_COLOR_NAME = WidgetBackground;
				CODE_SIGN_ENTITLEMENTS = WidgetExtension.entitlements;
				CODE_SIGN_IDENTITY = "Apple Development";
				"CODE_SIGN_IDENTITY[sdk=macosx*]" = "Apple Development";
				CODE_SIGN_STYLE = Automatic;
				CURRENT_PROJECT_VERSION = 1;
				DEVELOPMENT_TEAM = 5P2LF2A45E;
				GENERATE_INFOPLIST_FILE = YES;
				INFOPLIST_FILE = Widget/Info.plist;
				INFOPLIST_KEY_CFBundleDisplayName = Widget;
				INFOPLIST_KEY_NSHumanReadableCopyright = "";
				IPHONEOS_DEPLOYMENT_TARGET = 15.5;
				LD_RUNPATH_SEARCH_PATHS = (
					"$(inherited)",
					"@executable_path/Frameworks",
					"@executable_path/../../Frameworks",
				);
				MARKETING_VERSION = 1.0;
				PRODUCT_BUNDLE_IDENTIFIER = com.lifexg.blog.Widget;
				PRODUCT_NAME = "$(TARGET_NAME)";
				SKIP_INSTALL = YES;
				SUPPORTS_MACCATALYST = YES;
				SWIFT_EMIT_LOC_STRINGS = YES;
				SWIFT_VERSION = 5.0;
				TARGETED_DEVICE_FAMILY = "1,2";
			};
			name = Debug;
		};
		018C382D286EDC41001C45A9 /* Release */ = {
			isa = XCBuildConfiguration;
			buildSettings = {
				ASSETCATALOG_COMPILER_GLOBAL_ACCENT_COLOR_NAME = AccentColor;
				ASSETCATALOG_COMPILER_WIDGET_BACKGROUND_COLOR_NAME = WidgetBackground;
				CODE_SIGN_ENTITLEMENTS = WidgetExtension.entitlements;
				CODE_SIGN_IDENTITY = "Apple Development";
				"CODE_SIGN_IDENTITY[sdk=macosx*]" = "Apple Development";
				CODE_SIGN_STYLE = Manual;
				CURRENT_PROJECT_VERSION = 1;
				DEVELOPMENT_TEAM = "";
				GENERATE_INFOPLIST_FILE = YES;
				INFOPLIST_FILE = Widget/Info.plist;
				INFOPLIST_KEY_CFBundleDisplayName = Widget;
				INFOPLIST_KEY_NSHumanReadableCopyright = "";
				IPHONEOS_DEPLOYMENT_TARGET = 15.5;
				LD_RUNPATH_SEARCH_PATHS = (
					"$(inherited)",
					"@executable_path/Frameworks",
					"@executable_path/../../Frameworks",
				);
				MARKETING_VERSION = 1.0;
				PRODUCT_BUNDLE_IDENTIFIER = com.lifexg.blog.Widget;
				PRODUCT_NAME = "$(TARGET_NAME)";
				PROVISIONING_PROFILE_SPECIFIER = "";
				"PROVISIONING_PROFILE_SPECIFIER[sdk=macosx*]" = "";
				SKIP_INSTALL = YES;
				SUPPORTS_MACCATALYST = YES;
				SWIFT_EMIT_LOC_STRINGS = YES;
				SWIFT_VERSION = 5.0;
				TARGETED_DEVICE_FAMILY = "1,2";
			};
			name = Release;
		};
/* End XCBuildConfiguration section */

/* Begin XCConfigurationList section */
		011C5CDA285B2D73001D461E /* Build configuration list for PBXProject "Blog" */ = {
			isa = XCConfigurationList;
			buildConfigurations = (
				011C5CEB285B2D76001D461E /* Debug */,
				011C5CEC285B2D76001D461E /* Release */,
			);
			defaultConfigurationIsVisible = 0;
			defaultConfigurationName = Release;
		};
		011C5CED285B2D76001D461E /* Build configuration list for PBXNativeTarget "Blog" */ = {
			isa = XCConfigurationList;
			buildConfigurations = (
				011C5CEE285B2D76001D461E /* Debug */,
				011C5CEF285B2D76001D461E /* Release */,
			);
			defaultConfigurationIsVisible = 0;
			defaultConfigurationName = Release;
		};
		018C382E286EDC42001C45A9 /* Build configuration list for PBXNativeTarget "WidgetExtension" */ = {
			isa = XCConfigurationList;
			buildConfigurations = (
				018C382C286EDC41001C45A9 /* Debug */,
				018C382D286EDC41001C45A9 /* Release */,
			);
			defaultConfigurationIsVisible = 0;
			defaultConfigurationName = Release;
		};
/* End XCConfigurationList section */

/* Begin XCSwiftPackageProductDependency section */
		018C37FE286B2CEB001C45A9 /* BGUI */ = {
			isa = XCSwiftPackageProductDependency;
			productName = BGUI;
		};
		018C3800286B2CEE001C45A9 /* ReSwiftExtention */ = {
			isa = XCSwiftPackageProductDependency;
			productName = ReSwiftExtention;
		};
/* End XCSwiftPackageProductDependency section */

/* Begin XCVersionGroup section */
		01FE5383286AF68A00CE6931 /* ClassificationModel.xcdatamodeld */ = {
			isa = XCVersionGroup;
			children = (
				01FE5384286AF68A00CE6931 /* Classification.xcdatamodel */,
			);
			currentVersion = 01FE5384286AF68A00CE6931 /* Classification.xcdatamodel */;
			path = ClassificationModel.xcdatamodeld;
			sourceTree = "<group>";
			versionGroupType = wrapper.xcdatamodel;
		};
/* End XCVersionGroup section */
	};
	rootObject = 011C5CD7285B2D73001D461E /* Project object */;
}
